
Microsoft Visual Studio Solution File, Format Version 12.00
# Visual Studio Version 16
VisualStudioVersion = 16.0.30114.105
MinimumVisualStudioVersion = 10.0.40219.1
Project("{FAE04EC0-301F-11D3-BF4B-00C04F79EFBC}") = "TestConsole", "TestConsole\TestConsole.csproj", "{15244BBA-D51B-4723-8216-736065488A2B}"
EndProject
Project("{FAE04EC0-301F-11D3-BF4B-00C04F79EFBC}") = "WpfTest", "WpfTestMailSender\WpfTest.csproj", "{ABA9D737-9B43-47FA-9EB3-A3D1BEA8E5CC}"
EndProject
Project("{9A19103F-16F7-4668-BE54-9A1E7A4F7556}") = "MailSender", "MailSender\MailSender.csproj", "{E2F6DC10-4A1E-4706-9A72-2149C98F4233}"
EndProject
Project("{9A19103F-16F7-4668-BE54-9A1E7A4F7556}") = "MailSender.lib", "MailSender.lib\MailSender.lib.csproj", "{DFEBA05E-FEF6-422A-9866-313704E8750C}"
EndProject
Project("{2150E333-8FDC-42A3-9474-1A3956D46DE8}") = "Tests", "Tests", "{11A905B3-F6C8-4CB9-AFC5-EA798CAD8FCC}"
EndProject
Project("{9A19103F-16F7-4668-BE54-9A1E7A4F7556}") = "MailSender.lib.Tests", "MailSender.lib.Tests\MailSender.lib.Tests.csproj", "{07E4EDF5-8714-4E7C-9D8B-0E47018B8074}"
EndProject
Project("{9A19103F-16F7-4668-BE54-9A1E7A4F7556}") = "TestConsoleCore", "TestConsoleCore\TestConsoleCore.csproj", "{70452815-70A2-430C-A0E3-B51A6AD66769}"
EndProject
Project("{FAE04EC0-301F-11D3-BF4B-00C04F79EFBC}") = "TestLib", "Tests\TestLib\TestLib.csproj", "{117754FC-0D6C-4966-9818-3C7E1E2DF1BB}"
EndProject
Global
	GlobalSection(SolutionConfigurationPlatforms) = preSolution
		Debug|Any CPU = Debug|Any CPU
		Release|Any CPU = Release|Any CPU
	EndGlobalSection
	GlobalSection(ProjectConfigurationPlatforms) = postSolution
		{15244BBA-D51B-4723-8216-736065488A2B}.Debug|Any CPU.ActiveCfg = Debug|Any CPU
		{15244BBA-D51B-4723-8216-736065488A2B}.Debug|Any CPU.Build.0 = Debug|Any CPU
		{15244BBA-D51B-4723-8216-736065488A2B}.Release|Any CPU.ActiveCfg = Release|Any CPU
		{15244BBA-D51B-4723-8216-736065488A2B}.Release|Any CPU.Build.0 = Release|Any CPU
		{ABA9D737-9B43-47FA-9EB3-A3D1BEA8E5CC}.Debug|Any CPU.ActiveCfg = Debug|Any CPU
		{ABA9D737-9B43-47FA-9EB3-A3D1BEA8E5CC}.Debug|Any CPU.Build.0 = Debug|Any CPU
		{ABA9D737-9B43-47FA-9EB3-A3D1BEA8E5CC}.Release|Any CPU.ActiveCfg = Release|Any CPU
		{ABA9D737-9B43-47FA-9EB3-A3D1BEA8E5CC}.Release|Any CPU.Build.0 = Release|Any CPU
		{E2F6DC10-4A1E-4706-9A72-2149C98F4233}.Debug|Any CPU.ActiveCfg = Debug|Any CPU
		{E2F6DC10-4A1E-4706-9A72-2149C98F4233}.Debug|Any CPU.Build.0 = Debug|Any CPU
		{E2F6DC10-4A1E-4706-9A72-2149C98F4233}.Release|Any CPU.ActiveCfg = Release|Any CPU
		{E2F6DC10-4A1E-4706-9A72-2149C98F4233}.Release|Any CPU.Build.0 = Release|Any CPU
		{DFEBA05E-FEF6-422A-9866-313704E8750C}.Debug|Any CPU.ActiveCfg = Debug|Any CPU
		{DFEBA05E-FEF6-422A-9866-313704E8750C}.Debug|Any CPU.Build.0 = Debug|Any CPU
		{DFEBA05E-FEF6-422A-9866-313704E8750C}.Release|Any CPU.ActiveCfg = Release|Any CPU
		{DFEBA05E-FEF6-422A-9866-313704E8750C}.Release|Any CPU.Build.0 = Release|Any CPU
		{07E4EDF5-8714-4E7C-9D8B-0E47018B8074}.Debug|Any CPU.ActiveCfg = Debug|Any CPU
		{07E4EDF5-8714-4E7C-9D8B-0E47018B8074}.Debug|Any CPU.Build.0 = Debug|Any CPU
		{07E4EDF5-8714-4E7C-9D8B-0E47018B8074}.Release|Any CPU.ActiveCfg = Release|Any CPU
		{07E4EDF5-8714-4E7C-9D8B-0E47018B8074}.Release|Any CPU.Build.0 = Release|Any CPU
		{70452815-70A2-430C-A0E3-B51A6AD66769}.Debug|Any CPU.ActiveCfg = Debug|Any CPU
		{70452815-70A2-430C-A0E3-B51A6AD66769}.Debug|Any CPU.Build.0 = Debug|Any CPU
		{70452815-70A2-430C-A0E3-B51A6AD66769}.Release|Any CPU.ActiveCfg = Release|Any CPU
		{70452815-70A2-430C-A0E3-B51A6AD66769}.Release|Any CPU.Build.0 = Release|Any CPU
		{117754FC-0D6C-4966-9818-3C7E1E2DF1BB}.Debug|Any CPU.ActiveCfg = Debug|Any CPU
		{117754FC-0D6C-4966-9818-3C7E1E2DF1BB}.Debug|Any CPU.Build.0 = Debug|Any CPU
		{117754FC-0D6C-4966-9818-3C7E1E2DF1BB}.Release|Any CPU.ActiveCfg = Release|Any CPU
		{117754FC-0D6C-4966-9818-3C7E1E2DF1BB}.Release|Any CPU.Build.0 = Release|Any CPU
	EndGlobalSection
	GlobalSection(SolutionProperties) = preSolution
		HideSolutionNode = FALSE
	EndGlobalSection
	GlobalSection(NestedProjects) = preSolution
		{15244BBA-D51B-4723-8216-736065488A2B} = {11A905B3-F6C8-4CB9-AFC5-EA798CAD8FCC}
		{ABA9D737-9B43-47FA-9EB3-A3D1BEA8E5CC} = {11A905B3-F6C8-4CB9-AFC5-EA798CAD8FCC}
		{07E4EDF5-8714-4E7C-9D8B-0E47018B8074} = {11A905B3-F6C8-4CB9-AFC5-EA798CAD8FCC}
		{70452815-70A2-430C-A0E3-B51A6AD66769} = {11A905B3-F6C8-4CB9-AFC5-EA798CAD8FCC}
		{117754FC-0D6C-4966-9818-3C7E1E2DF1BB} = {11A905B3-F6C8-4CB9-AFC5-EA798CAD8FCC}
	EndGlobalSection
	GlobalSection(ExtensibilityGlobals) = postSolution
		SolutionGuid = {60D82D1B-85C9-476D-9520-22C194AD835B}
	EndGlobalSection
EndGlobal
